// !$*UTF8*$!
{
	archiveVersion = 1;
	classes = {
	};
	objectVersion = 56;
	objects = {

/* Begin PBXBuildFile section */
		F4CCBAFF2BA9F89F007AA07E /* Game_2048App.swift in Sources */ = {isa = PBXBuildFile; fileRef = F4CCBAFE2BA9F89F007AA07E /* Game_2048App.swift */; };
		F4CCBB032BA9F8A0007AA07E /* Assets.xcassets in Resources */ = {isa = PBXBuildFile; fileRef = F4CCBB022BA9F8A0007AA07E /* Assets.xcassets */; };
		F4CCBB072BA9F8A0007AA07E /* Preview Assets.xcassets in Resources */ = {isa = PBXBuildFile; fileRef = F4CCBB062BA9F8A0007AA07E /* Preview Assets.xcassets */; };
		F4CCBB112BA9F8A0007AA07E /* Game_2048Tests.swift in Sources */ = {isa = PBXBuildFile; fileRef = F4CCBB102BA9F8A0007AA07E /* Game_2048Tests.swift */; };
		F4CCBB1B2BA9F8A1007AA07E /* Game_2048UITests.swift in Sources */ = {isa = PBXBuildFile; fileRef = F4CCBB1A2BA9F8A1007AA07E /* Game_2048UITests.swift */; };
		F4CCBB1D2BA9F8A1007AA07E /* Game_2048UITestsLaunchTests.swift in Sources */ = {isa = PBXBuildFile; fileRef = F4CCBB1C2BA9F8A1007AA07E /* Game_2048UITestsLaunchTests.swift */; };
		F4CCBB322BA9FA64007AA07E /* GameViewModel.swift in Sources */ = {isa = PBXBuildFile; fileRef = F4CCBB312BA9FA64007AA07E /* GameViewModel.swift */; };
		F4CCBB342BA9FA79007AA07E /* GameView.swift in Sources */ = {isa = PBXBuildFile; fileRef = F4CCBB332BA9FA79007AA07E /* GameView.swift */; };
/* End PBXBuildFile section */

/* Begin PBXContainerItemProxy section */
		F4CCBB0D2BA9F8A0007AA07E /* PBXContainerItemProxy */ = {
			isa = PBXContainerItemProxy;
			containerPortal = F4CCBAF32BA9F89F007AA07E /* Project object */;
			proxyType = 1;
			remoteGlobalIDString = F4CCBAFA2BA9F89F007AA07E;
			remoteInfo = "Game-2048";
		};
		F4CCBB172BA9F8A1007AA07E /* PBXContainerItemProxy */ = {
			isa = PBXContainerItemProxy;
			containerPortal = F4CCBAF32BA9F89F007AA07E /* Project object */;
			proxyType = 1;
			remoteGlobalIDString = F4CCBAFA2BA9F89F007AA07E;
			remoteInfo = "Game-2048";
		};
/* End PBXContainerItemProxy section */

/* Begin PBXFileReference section */
		F4CCBAFB2BA9F89F007AA07E /* Game-2048.app */ = {isa = PBXFileReference; explicitFileType = wrapper.application; includeInIndex = 0; path = "Game-2048.app"; sourceTree = BUILT_PRODUCTS_DIR; };
		F4CCBAFE2BA9F89F007AA07E /* Game_2048App.swift */ = {isa = PBXFileReference; lastKnownFileType = sourcecode.swift; path = Game_2048App.swift; sourceTree = "<group>"; };
		F4CCBB022BA9F8A0007AA07E /* Assets.xcassets */ = {isa = PBXFileReference; lastKnownFileType = folder.assetcatalog; path = Assets.xcassets; sourceTree = "<group>"; };
		F4CCBB042BA9F8A0007AA07E /* Game_2048.entitlements */ = {isa = PBXFileReference; lastKnownFileType = text.plist.entitlements; path = Game_2048.entitlements; sourceTree = "<group>"; };
		F4CCBB062BA9F8A0007AA07E /* Preview Assets.xcassets */ = {isa = PBXFileReference; lastKnownFileType = folder.assetcatalog; path = "Preview Assets.xcassets"; sourceTree = "<group>"; };
		F4CCBB0C2BA9F8A0007AA07E /* Game-2048Tests.xctest */ = {isa = PBXFileReference; explicitFileType = wrapper.cfbundle; includeInIndex = 0; path = "Game-2048Tests.xctest"; sourceTree = BUILT_PRODUCTS_DIR; };
		F4CCBB102BA9F8A0007AA07E /* Game_2048Tests.swift */ = {isa = PBXFileReference; lastKnownFileType = sourcecode.swift; path = Game_2048Tests.swift; sourceTree = "<group>"; };
		F4CCBB162BA9F8A1007AA07E /* Game-2048UITests.xctest */ = {isa = PBXFileReference; explicitFileType = wrapper.cfbundle; includeInIndex = 0; path = "Game-2048UITests.xctest"; sourceTree = BUILT_PRODUCTS_DIR; };
		F4CCBB1A2BA9F8A1007AA07E /* Game_2048UITests.swift */ = {isa = PBXFileReference; lastKnownFileType = sourcecode.swift; path = Game_2048UITests.swift; sourceTree = "<group>"; };
		F4CCBB1C2BA9F8A1007AA07E /* Game_2048UITestsLaunchTests.swift */ = {isa = PBXFileReference; lastKnownFileType = sourcecode.swift; path = Game_2048UITestsLaunchTests.swift; sourceTree = "<group>"; };
		F4CCBB312BA9FA64007AA07E /* GameViewModel.swift */ = {isa = PBXFileReference; lastKnownFileType = sourcecode.swift; path = GameViewModel.swift; sourceTree = "<group>"; };
		F4CCBB332BA9FA79007AA07E /* GameView.swift */ = {isa = PBXFileReference; lastKnownFileType = sourcecode.swift; path = GameView.swift; sourceTree = "<group>"; };
/* End PBXFileReference section */

/* Begin PBXFrameworksBuildPhase section */
		F4CCBAF82BA9F89F007AA07E /* Frameworks */ = {
			isa = PBXFrameworksBuildPhase;
			buildActionMask = 2147483647;
			files = (
			);
			runOnlyForDeploymentPostprocessing = 0;
		};
		F4CCBB092BA9F8A0007AA07E /* Frameworks */ = {
			isa = PBXFrameworksBuildPhase;
			buildActionMask = 2147483647;
			files = (
			);
			runOnlyForDeploymentPostprocessing = 0;
		};
		F4CCBB132BA9F8A1007AA07E /* Frameworks */ = {
			isa = PBXFrameworksBuildPhase;
			buildActionMask = 2147483647;
			files = (
			);
			runOnlyForDeploymentPostprocessing = 0;
		};
/* End PBXFrameworksBuildPhase section */

/* Begin PBXGroup section */
		F4CCBAF22BA9F89F007AA07E = {
			isa = PBXGroup;
			children = (
				F4CCBAFD2BA9F89F007AA07E /* Game-2048 */,
				F4CCBB0F2BA9F8A0007AA07E /* Game-2048Tests */,
				F4CCBB192BA9F8A1007AA07E /* Game-2048UITests */,
				F4CCBAFC2BA9F89F007AA07E /* Products */,
			);
			sourceTree = "<group>";
		};
		F4CCBAFC2BA9F89F007AA07E /* Products */ = {
			isa = PBXGroup;
			children = (
				F4CCBAFB2BA9F89F007AA07E /* Game-2048.app */,
				F4CCBB0C2BA9F8A0007AA07E /* Game-2048Tests.xctest */,
				F4CCBB162BA9F8A1007AA07E /* Game-2048UITests.xctest */,
			);
			name = Products;
			sourceTree = "<group>";
		};
		F4CCBAFD2BA9F89F007AA07E /* Game-2048 */ = {
			isa = PBXGroup;
			children = (
				F4CCBAFE2BA9F89F007AA07E /* Game_2048App.swift */,
				F4CCBB022BA9F8A0007AA07E /* Assets.xcassets */,
				F4CCBB042BA9F8A0007AA07E /* Game_2048.entitlements */,
				F4CCBB052BA9F8A0007AA07E /* Preview Content */,
				F4CCBB312BA9FA64007AA07E /* GameViewModel.swift */,
				F4CCBB332BA9FA79007AA07E /* GameView.swift */,
			);
			path = "Game-2048";
			sourceTree = "<group>";
		};
		F4CCBB052BA9F8A0007AA07E /* Preview Content */ = {
			isa = PBXGroup;
			children = (
				F4CCBB062BA9F8A0007AA07E /* Preview Assets.xcassets */,
			);
			path = "Preview Content";
			sourceTree = "<group>";
		};
		F4CCBB0F2BA9F8A0007AA07E /* Game-2048Tests */ = {
			isa = PBXGroup;
			children = (
				F4CCBB102BA9F8A0007AA07E /* Game_2048Tests.swift */,
			);
			path = "Game-2048Tests";
			sourceTree = "<group>";
		};
		F4CCBB192BA9F8A1007AA07E /* Game-2048UITests */ = {
			isa = PBXGroup;
			children = (
				F4CCBB1A2BA9F8A1007AA07E /* Game_2048UITests.swift */,
				F4CCBB1C2BA9F8A1007AA07E /* Game_2048UITestsLaunchTests.swift */,
			);
			path = "Game-2048UITests";
			sourceTree = "<group>";
		};
/* End PBXGroup section */

/* Begin PBXNativeTarget section */
		F4CCBAFA2BA9F89F007AA07E /* Game-2048 */ = {
			isa = PBXNativeTarget;
			buildConfigurationList = F4CCBB202BA9F8A1007AA07E /* Build configuration list for PBXNativeTarget "Game-2048" */;
			buildPhases = (
				F4CCBAF72BA9F89F007AA07E /* Sources */,
				F4CCBAF82BA9F89F007AA07E /* Frameworks */,
				F4CCBAF92BA9F89F007AA07E /* Resources */,
			);
			buildRules = (
			);
			dependencies = (
			);
			name = "Game-2048";
			productName = "Game-2048";
			productReference = F4CCBAFB2BA9F89F007AA07E /* Game-2048.app */;
			productType = "com.apple.product-type.application";
		};
		F4CCBB0B2BA9F8A0007AA07E /* Game-2048Tests */ = {
			isa = PBXNativeTarget;
			buildConfigurationList = F4CCBB232BA9F8A1007AA07E /* Build configuration list for PBXNativeTarget "Game-2048Tests" */;
			buildPhases = (
				F4CCBB082BA9F8A0007AA07E /* Sources */,
				F4CCBB092BA9F8A0007AA07E /* Frameworks */,
				F4CCBB0A2BA9F8A0007AA07E /* Resources */,
			);
			buildRules = (
			);
			dependencies = (
				F4CCBB0E2BA9F8A0007AA07E /* PBXTargetDependency */,
			);
			name = "Game-2048Tests";
			productName = "Game-2048Tests";
			productReference = F4CCBB0C2BA9F8A0007AA07E /* Game-2048Tests.xctest */;
			productType = "com.apple.product-type.bundle.unit-test";
		};
		F4CCBB152BA9F8A1007AA07E /* Game-2048UITests */ = {
			isa = PBXNativeTarget;
			buildConfigurationList = F4CCBB262BA9F8A1007AA07E /* Build configuration list for PBXNativeTarget "Game-2048UITests" */;
			buildPhases = (
				F4CCBB122BA9F8A1007AA07E /* Sources */,
				F4CCBB132BA9F8A1007AA07E /* Frameworks */,
				F4CCBB142BA9F8A1007AA07E /* Resources */,
			);
			buildRules = (
			);
			dependencies = (
				F4CCBB182BA9F8A1007AA07E /* PBXTargetDependency */,
			);
			name = "Game-2048UITests";
			productName = "Game-2048UITests";
			productReference = F4CCBB162BA9F8A1007AA07E /* Game-2048UITests.xctest */;
			productType = "com.apple.product-type.bundle.ui-testing";
		};
/* End PBXNativeTarget section */

/* Begin PBXProject section */
		F4CCBAF32BA9F89F007AA07E /* Project object */ = {
			isa = PBXProject;
			attributes = {
				BuildIndependentTargetsInParallel = 1;
				LastSwiftUpdateCheck = 1530;
				LastUpgradeCheck = 1530;
				TargetAttributes = {
					F4CCBAFA2BA9F89F007AA07E = {
						CreatedOnToolsVersion = 15.3;
					};
					F4CCBB0B2BA9F8A0007AA07E = {
						CreatedOnToolsVersion = 15.3;
						TestTargetID = F4CCBAFA2BA9F89F007AA07E;
					};
					F4CCBB152BA9F8A1007AA07E = {
						CreatedOnToolsVersion = 15.3;
						TestTargetID = F4CCBAFA2BA9F89F007AA07E;
					};
				};
			};
			buildConfigurationList = F4CCBAF62BA9F89F007AA07E /* Build configuration list for PBXProject "2048 Game" */;
			compatibilityVersion = "Xcode 14.0";
			developmentRegion = en;
			hasScannedForEncodings = 0;
			knownRegions = (
				en,
				Base,
			);
			mainGroup = F4CCBAF22BA9F89F007AA07E;
			productRefGroup = F4CCBAFC2BA9F89F007AA07E /* Products */;
			projectDirPath = "";
			projectRoot = "";
			targets = (
				F4CCBAFA2BA9F89F007AA07E /* Game-2048 */,
				F4CCBB0B2BA9F8A0007AA07E /* Game-2048Tests */,
				F4CCBB152BA9F8A1007AA07E /* Game-2048UITests */,
			);
		};
/* End PBXProject section */

/* Begin PBXResourcesBuildPhase section */
		F4CCBAF92BA9F89F007AA07E /* Resources */ = {
			isa = PBXResourcesBuildPhase;
			buildActionMask = 2147483647;
			files = (
				F4CCBB072BA9F8A0007AA07E /* Preview Assets.xcassets in Resources */,
				F4CCBB032BA9F8A0007AA07E /* Assets.xcassets in Resources */,
			);
			runOnlyForDeploymentPostprocessing = 0;
		};
		F4CCBB0A2BA9F8A0007AA07E /* Resources */ = {
			isa = PBXResourcesBuildPhase;
			buildActionMask = 2147483647;
			files = (
			);
			runOnlyForDeploymentPostprocessing = 0;
		};
		F4CCBB142BA9F8A1007AA07E /* Resources */ = {
			isa = PBXResourcesBuildPhase;
			buildActionMask = 2147483647;
			files = (
			);
			runOnlyForDeploymentPostprocessing = 0;
		};
/* End PBXResourcesBuildPhase section */

/* Begin PBXSourcesBuildPhase section */
		F4CCBAF72BA9F89F007AA07E /* Sources */ = {
			isa = PBXSourcesBuildPhase;
			buildActionMask = 2147483647;
			files = (
				F4CCBB322BA9FA64007AA07E /* GameViewModel.swift in Sources */,
				F4CCBB342BA9FA79007AA07E /* GameView.swift in Sources */,
				F4CCBAFF2BA9F89F007AA07E /* Game_2048App.swift in Sources */,
			);
			runOnlyForDeploymentPostprocessing = 0;
		};
		F4CCBB082BA9F8A0007AA07E /* Sources */ = {
			isa = PBXSourcesBuildPhase;
			buildActionMask = 2147483647;
			files = (
				F4CCBB112BA9F8A0007AA07E /* Game_2048Tests.swift in Sources */,
			);
			runOnlyForDeploymentPostprocessing = 0;
		};
		F4CCBB122BA9F8A1007AA07E /* Sources */ = {
			isa = PBXSourcesBuildPhase;
			buildActionMask = 2147483647;
			files = (
				F4CCBB1D2BA9F8A1007AA07E /* Game_2048UITestsLaunchTests.swift in Sources */,
				F4CCBB1B2BA9F8A1007AA07E /* Game_2048UITests.swift in Sources */,
			);
			runOnlyForDeploymentPostprocessing = 0;
		};
/* End PBXSourcesBuildPhase section */

/* Begin PBXTargetDependency section */
		F4CCBB0E2BA9F8A0007AA07E /* PBXTargetDependency */ = {
			isa = PBXTargetDependency;
			target = F4CCBAFA2BA9F89F007AA07E /* Game-2048 */;
			targetProxy = F4CCBB0D2BA9F8A0007AA07E /* PBXContainerItemProxy */;
		};
		F4CCBB182BA9F8A1007AA07E /* PBXTargetDependency */ = {
			isa = PBXTargetDependency;
			target = F4CCBAFA2BA9F89F007AA07E /* Game-2048 */;
			targetProxy = F4CCBB172BA9F8A1007AA07E /* PBXContainerItemProxy */;
		};
/* End PBXTargetDependency section */

/* Begin XCBuildConfiguration section */
		F4CCBB1E2BA9F8A1007AA07E /* Debug */ = {
			isa = XCBuildConfiguration;
			buildSettings = {
				ALWAYS_SEARCH_USER_PATHS = NO;
				ASSETCATALOG_COMPILER_GENERATE_SWIFT_ASSET_SYMBOL_EXTENSIONS = YES;
				CLANG_ANALYZER_NONNULL = YES;
				CLANG_ANALYZER_NUMBER_OBJECT_CONVERSION = YES_AGGRESSIVE;
				CLANG_CXX_LANGUAGE_STANDARD = "gnu++20";
				CLANG_ENABLE_MODULES = YES;
				CLANG_ENABLE_OBJC_ARC = YES;
				CLANG_ENABLE_OBJC_WEAK = YES;
				CLANG_WARN_BLOCK_CAPTURE_AUTORELEASING = YES;
				CLANG_WARN_BOOL_CONVERSION = YES;
				CLANG_WARN_COMMA = YES;
				CLANG_WARN_CONSTANT_CONVERSION = YES;
				CLANG_WARN_DEPRECATED_OBJC_IMPLEMENTATIONS = YES;
				CLANG_WARN_DIRECT_OBJC_ISA_USAGE = YES_ERROR;
				CLANG_WARN_DOCUMENTATION_COMMENTS = YES;
				CLANG_WARN_EMPTY_BODY = YES;
				CLANG_WARN_ENUM_CONVERSION = YES;
				CLANG_WARN_INFINITE_RECURSION = YES;
				CLANG_WARN_INT_CONVERSION = YES;
				CLANG_WARN_NON_LITERAL_NULL_CONVERSION = YES;
				CLANG_WARN_OBJC_IMPLICIT_RETAIN_SELF = YES;
				CLANG_WARN_OBJC_LITERAL_CONVERSION = YES;
				CLANG_WARN_OBJC_ROOT_CLASS = YES_ERROR;
				CLANG_WARN_QUOTED_INCLUDE_IN_FRAMEWORK_HEADER = YES;
				CLANG_WARN_RANGE_LOOP_ANALYSIS = YES;
				CLANG_WARN_STRICT_PROTOTYPES = YES;
				CLANG_WARN_SUSPICIOUS_MOVE = YES;
				CLANG_WARN_UNGUARDED_AVAILABILITY = YES_AGGRESSIVE;
				CLANG_WARN_UNREACHABLE_CODE = YES;
				CLANG_WARN__DUPLICATE_METHOD_MATCH = YES;
				COPY_PHASE_STRIP = NO;
				DEBUG_INFORMATION_FORMAT = dwarf;
				ENABLE_STRICT_OBJC_MSGSEND = YES;
				ENABLE_TESTABILITY = YES;
				ENABLE_USER_SCRIPT_SANDBOXING = YES;
				GCC_C_LANGUAGE_STANDARD = gnu17;
				GCC_DYNAMIC_NO_PIC = NO;
				GCC_NO_COMMON_BLOCKS = YES;
				GCC_OPTIMIZATION_LEVEL = 0;
				GCC_PREPROCESSOR_DEFINITIONS = (
					"DEBUG=1",
					"$(inherited)",
				);
				GCC_WARN_64_TO_32_BIT_CONVERSION = YES;
				GCC_WARN_ABOUT_RETURN_TYPE = YES_ERROR;
				GCC_WARN_UNDECLARED_SELECTOR = YES;
				GCC_WARN_UNINITIALIZED_AUTOS = YES_AGGRESSIVE;
				GCC_WARN_UNUSED_FUNCTION = YES;
				GCC_WARN_UNUSED_VARIABLE = YES;
				IPHONEOS_DEPLOYMENT_TARGET = 17.3;
				LOCALIZATION_PREFERS_STRING_CATALOGS = YES;
				MACOSX_DEPLOYMENT_TARGET = 14.3;
				MTL_ENABLE_DEBUG_INFO = INCLUDE_SOURCE;
				MTL_FAST_MATH = YES;
				ONLY_ACTIVE_ARCH = YES;
				SDKROOT = macosx14.4;
				SWIFT_ACTIVE_COMPILATION_CONDITIONS = "DEBUG $(inherited)";
				SWIFT_OPTIMIZATION_LEVEL = "-Onone";
			};
			name = Debug;
		};
		F4CCBB1F2BA9F8A1007AA07E /* Release */ = {
			isa = XCBuildConfiguration;
			buildSettings = {
				ALWAYS_SEARCH_USER_PATHS = NO;
				ASSETCATALOG_COMPILER_GENERATE_SWIFT_ASSET_SYMBOL_EXTENSIONS = YES;
				CLANG_ANALYZER_NONNULL = YES;
				CLANG_ANALYZER_NUMBER_OBJECT_CONVERSION = YES_AGGRESSIVE;
				CLANG_CXX_LANGUAGE_STANDARD = "gnu++20";
				CLANG_ENABLE_MODULES = YES;
				CLANG_ENABLE_OBJC_ARC = YES;
				CLANG_ENABLE_OBJC_WEAK = YES;
				CLANG_WARN_BLOCK_CAPTURE_AUTORELEASING = YES;
				CLANG_WARN_BOOL_CONVERSION = YES;
				CLANG_WARN_COMMA = YES;
				CLANG_WARN_CONSTANT_CONVERSION = YES;
				CLANG_WARN_DEPRECATED_OBJC_IMPLEMENTATIONS = YES;
				CLANG_WARN_DIRECT_OBJC_ISA_USAGE = YES_ERROR;
				CLANG_WARN_DOCUMENTATION_COMMENTS = YES;
				CLANG_WARN_EMPTY_BODY = YES;
				CLANG_WARN_ENUM_CONVERSION = YES;
				CLANG_WARN_INFINITE_RECURSION = YES;
				CLANG_WARN_INT_CONVERSION = YES;
				CLANG_WARN_NON_LITERAL_NULL_CONVERSION = YES;
				CLANG_WARN_OBJC_IMPLICIT_RETAIN_SELF = YES;
				CLANG_WARN_OBJC_LITERAL_CONVERSION = YES;
				CLANG_WARN_OBJC_ROOT_CLASS = YES_ERROR;
				CLANG_WARN_QUOTED_INCLUDE_IN_FRAMEWORK_HEADER = YES;
				CLANG_WARN_RANGE_LOOP_ANALYSIS = YES;
				CLANG_WARN_STRICT_PROTOTYPES = YES;
				CLANG_WARN_SUSPICIOUS_MOVE = YES;
				CLANG_WARN_UNGUARDED_AVAILABILITY = YES_AGGRESSIVE;
				CLANG_WARN_UNREACHABLE_CODE = YES;
				CLANG_WARN__DUPLICATE_METHOD_MATCH = YES;
				COPY_PHASE_STRIP = NO;
				DEBUG_INFORMATION_FORMAT = "dwarf-with-dsym";
				ENABLE_NS_ASSERTIONS = NO;
				ENABLE_STRICT_OBJC_MSGSEND = YES;
				ENABLE_USER_SCRIPT_SANDBOXING = YES;
				GCC_C_LANGUAGE_STANDARD = gnu17;
				GCC_NO_COMMON_BLOCKS = YES;
				GCC_WARN_64_TO_32_BIT_CONVERSION = YES;
				GCC_WARN_ABOUT_RETURN_TYPE = YES_ERROR;
				GCC_WARN_UNDECLARED_SELECTOR = YES;
				GCC_WARN_UNINITIALIZED_AUTOS = YES_AGGRESSIVE;
				GCC_WARN_UNUSED_FUNCTION = YES;
				GCC_WARN_UNUSED_VARIABLE = YES;
				IPHONEOS_DEPLOYMENT_TARGET = 17.3;
				LOCALIZATION_PREFERS_STRING_CATALOGS = YES;
				MACOSX_DEPLOYMENT_TARGET = 14.3;
				MTL_ENABLE_DEBUG_INFO = NO;
				MTL_FAST_MATH = YES;
				SDKROOT = macosx14.4;
				SWIFT_COMPILATION_MODE = wholemodule;
			};
			name = Release;
		};
		F4CCBB212BA9F8A1007AA07E /* Debug */ = {
			isa = XCBuildConfiguration;
			buildSettings = {
				ASSETCATALOG_COMPILER_APPICON_NAME = AppIcon;
				ASSETCATALOG_COMPILER_GLOBAL_ACCENT_COLOR_NAME = AccentColor;
				ASSETCATALOG_COMPILER_INCLUDE_ALL_APPICON_ASSETS = YES;
				CODE_SIGN_ENTITLEMENTS = "Game-2048/Game_2048.entitlements";
				CODE_SIGN_STYLE = Automatic;
				CURRENT_PROJECT_VERSION = 1;
				DEVELOPMENT_ASSET_PATHS = "\"Game-2048/Preview Content\"";
				DEVELOPMENT_TEAM = CYTX8F348Q;
				ENABLE_HARDENED_RUNTIME = YES;
				ENABLE_PREVIEWS = YES;
				GENERATE_INFOPLIST_FILE = YES;
				INFOPLIST_KEY_CFBundleDisplayName = "2048 Game";
				INFOPLIST_KEY_LSApplicationCategoryType = "public.app-category.puzzle-games";
				"INFOPLIST_KEY_UIApplicationSceneManifest_Generation[sdk=iphoneos*]" = YES;
				"INFOPLIST_KEY_UIApplicationSceneManifest_Generation[sdk=iphonesimulator*]" = YES;
				"INFOPLIST_KEY_UIApplicationSupportsIndirectInputEvents[sdk=iphoneos*]" = YES;
				"INFOPLIST_KEY_UIApplicationSupportsIndirectInputEvents[sdk=iphonesimulator*]" = YES;
				"INFOPLIST_KEY_UILaunchScreen_Generation[sdk=iphoneos*]" = YES;
				"INFOPLIST_KEY_UILaunchScreen_Generation[sdk=iphonesimulator*]" = YES;
				INFOPLIST_KEY_UILaunchStoryboardName = LaunchScreen.storyboard;
				INFOPLIST_KEY_UIRequiresFullScreen = YES;
				INFOPLIST_KEY_UIStatusBarStyle = "";
				"INFOPLIST_KEY_UIStatusBarStyle[sdk=iphoneos*]" = UIStatusBarStyleDefault;
				"INFOPLIST_KEY_UIStatusBarStyle[sdk=iphonesimulator*]" = UIStatusBarStyleDefault;
				INFOPLIST_KEY_UISupportedInterfaceOrientations = UIInterfaceOrientationPortrait;
				IPHONEOS_DEPLOYMENT_TARGET = 17.4;
				LD_RUNPATH_SEARCH_PATHS = "@executable_path/Frameworks";
				"LD_RUNPATH_SEARCH_PATHS[sdk=macosx*]" = "@executable_path/../Frameworks";
				MACOSX_DEPLOYMENT_TARGET = 14.3;
				MARKETING_VERSION = 1.0;
				PRODUCT_BUNDLE_IDENTIFIER = "sonnguyen.2048-Game";
				PRODUCT_NAME = "$(TARGET_NAME)";
				SDKROOT = auto;
				SUPPORTED_PLATFORMS = "iphoneos iphonesimulator macosx";
				SWIFT_EMIT_LOC_STRINGS = YES;
				SWIFT_VERSION = 5.0;
				TARGETED_DEVICE_FAMILY = "1,2";
			};
			name = Debug;
		};
		F4CCBB222BA9F8A1007AA07E /* Release */ = {
			isa = XCBuildConfiguration;
			buildSettings = {
				ASSETCATALOG_COMPILER_APPICON_NAME = AppIcon;
				ASSETCATALOG_COMPILER_GLOBAL_ACCENT_COLOR_NAME = AccentColor;
				ASSETCATALOG_COMPILER_INCLUDE_ALL_APPICON_ASSETS = YES;
				CODE_SIGN_ENTITLEMENTS = "Game-2048/Game_2048.entitlements";
				CODE_SIGN_STYLE = Automatic;
				CURRENT_PROJECT_VERSION = 1;
				DEVELOPMENT_ASSET_PATHS = "\"Game-2048/Preview Content\"";
				DEVELOPMENT_TEAM = CYTX8F348Q;
				ENABLE_HARDENED_RUNTIME = YES;
				ENABLE_PREVIEWS = YES;
				GENERATE_INFOPLIST_FILE = YES;
				INFOPLIST_KEY_CFBundleDisplayName = "2048 Game";
				INFOPLIST_KEY_LSApplicationCategoryType = "public.app-category.puzzle-games";
				"INFOPLIST_KEY_UIApplicationSceneManifest_Generation[sdk=iphoneos*]" = YES;
				"INFOPLIST_KEY_UIApplicationSceneManifest_Generation[sdk=iphonesimulator*]" = YES;
				"INFOPLIST_KEY_UIApplicationSupportsIndirectInputEvents[sdk=iphoneos*]" = YES;
				"INFOPLIST_KEY_UIApplicationSupportsIndirectInputEvents[sdk=iphonesimulator*]" = YES;
				"INFOPLIST_KEY_UILaunchScreen_Generation[sdk=iphoneos*]" = YES;
				"INFOPLIST_KEY_UILaunchScreen_Generation[sdk=iphonesimulator*]" = YES;
				INFOPLIST_KEY_UILaunchStoryboardName = LaunchScreen.storyboard;
				INFOPLIST_KEY_UIRequiresFullScreen = YES;
				INFOPLIST_KEY_UIStatusBarStyle = "";
				"INFOPLIST_KEY_UIStatusBarStyle[sdk=iphoneos*]" = UIStatusBarStyleDefault;
				"INFOPLIST_KEY_UIStatusBarStyle[sdk=iphonesimulator*]" = UIStatusBarStyleDefault;
				INFOPLIST_KEY_UISupportedInterfaceOrientations = UIInterfaceOrientationPortrait;
				IPHONEOS_DEPLOYMENT_TARGET = 17.4;
				LD_RUNPATH_SEARCH_PATHS = "@executable_path/Frameworks";
				"LD_RUNPATH_SEARCH_PATHS[sdk=macosx*]" = "@executable_path/../Frameworks";
				MACOSX_DEPLOYMENT_TARGET = 14.3;
				MARKETING_VERSION = 1.0;
				PRODUCT_BUNDLE_IDENTIFIER = "sonnguyen.2048-Game";
				PRODUCT_NAME = "$(TARGET_NAME)";
				SDKROOT = auto;
				SUPPORTED_PLATFORMS = "iphoneos iphonesimulator macosx";
				SWIFT_EMIT_LOC_STRINGS = YES;
				SWIFT_VERSION = 5.0;
				TARGETED_DEVICE_FAMILY = "1,2";
			};
			name = Release;
		};
		F4CCBB242BA9F8A1007AA07E /* Debug */ = {
			isa = XCBuildConfiguration;
			buildSettings = {
				ALWAYS_EMBED_SWIFT_STANDARD_LIBRARIES = YES;
				BUNDLE_LOADER = "$(TEST_HOST)";
				CODE_SIGN_STYLE = Automatic;
				CURRENT_PROJECT_VERSION = 1;
				DEVELOPMENT_TEAM = CYTX8F348Q;
				GENERATE_INFOPLIST_FILE = YES;
				IPHONEOS_DEPLOYMENT_TARGET = 17.4;
				MACOSX_DEPLOYMENT_TARGET = 14.3;
				MARKETING_VERSION = 1.0;
				PRODUCT_BUNDLE_IDENTIFIER = "sonnguyen.Game-2048Tests";
				PRODUCT_NAME = "$(TARGET_NAME)";
				SDKROOT = auto;
				SUPPORTED_PLATFORMS = "iphoneos iphonesimulator macosx";
				SWIFT_EMIT_LOC_STRINGS = NO;
				SWIFT_VERSION = 5.0;
				TARGETED_DEVICE_FAMILY = "1,2";
				TEST_HOST = "$(BUILT_PRODUCTS_DIR)/Game-2048.app/$(BUNDLE_EXECUTABLE_FOLDER_PATH)/Game-2048";
			};
			name = Debug;
		};
		F4CCBB252BA9F8A1007AA07E /* Release */ = {
			isa = XCBuildConfiguration;
			buildSettings = {
				ALWAYS_EMBED_SWIFT_STANDARD_LIBRARIES = YES;
				BUNDLE_LOADER = "$(TEST_HOST)";
				CODE_SIGN_STYLE = Automatic;
				CURRENT_PROJECT_VERSION = 1;
				DEVELOPMENT_TEAM = CYTX8F348Q;
				GENERATE_INFOPLIST_FILE = YES;
				IPHONEOS_DEPLOYMENT_TARGET = 17.4;
				MACOSX_DEPLOYMENT_TARGET = 14.3;
				MARKETING_VERSION = 1.0;
				PRODUCT_BUNDLE_IDENTIFIER = "sonnguyen.Game-2048Tests";
				PRODUCT_NAME = "$(TARGET_NAME)";
				SDKROOT = auto;
				SUPPORTED_PLATFORMS = "iphoneos iphonesimulator macosx";
				SWIFT_EMIT_LOC_STRINGS = NO;
				SWIFT_VERSION = 5.0;
				TARGETED_DEVICE_FAMILY = "1,2";
				TEST_HOST = "$(BUILT_PRODUCTS_DIR)/Game-2048.app/$(BUNDLE_EXECUTABLE_FOLDER_PATH)/Game-2048";
			};
			name = Release;
		};
		F4CCBB272BA9F8A1007AA07E /* Debug */ = {
			isa = XCBuildConfiguration;
			buildSettings = {
				ALWAYS_EMBED_SWIFT_STANDARD_LIBRARIES = YES;
				CODE_SIGN_STYLE = Automatic;
				CURRENT_PROJECT_VERSION = 1;
				DEVELOPMENT_TEAM = CYTX8F348Q;
				GENERATE_INFOPLIST_FILE = YES;
				IPHONEOS_DEPLOYMENT_TARGET = 17.4;
				MACOSX_DEPLOYMENT_TARGET = 14.3;
				MARKETING_VERSION = 1.0;
				PRODUCT_BUNDLE_IDENTIFIER = "sonnguyen.Game-2048UITests";
				PRODUCT_NAME = "$(TARGET_NAME)";
				SDKROOT = auto;
				SUPPORTED_PLATFORMS = "iphoneos iphonesimulator macosx";
				SWIFT_EMIT_LOC_STRINGS = NO;
				SWIFT_VERSION = 5.0;
				TARGETED_DEVICE_FAMILY = "1,2";
				TEST_TARGET_NAME = "Game-2048";
			};
			name = Debug;
		};
		F4CCBB282BA9F8A1007AA07E /* Release */ = {
			isa = XCBuildConfiguration;
			buildSettings = {
				ALWAYS_EMBED_SWIFT_STANDARD_LIBRARIES = YES;
				CODE_SIGN_STYLE = Automatic;
				CURRENT_PROJECT_VERSION = 1;
				DEVELOPMENT_TEAM = CYTX8F348Q;
				GENERATE_INFOPLIST_FILE = YES;
				IPHONEOS_DEPLOYMENT_TARGET = 17.4;
				MACOSX_DEPLOYMENT_TARGET = 14.3;
				MARKETING_VERSION = 1.0;
				PRODUCT_BUNDLE_IDENTIFIER = "sonnguyen.Game-2048UITests";
				PRODUCT_NAME = "$(TARGET_NAME)";
				SDKROOT = auto;
				SUPPORTED_PLATFORMS = "iphoneos iphonesimulator macosx";
				SWIFT_EMIT_LOC_STRINGS = NO;
				SWIFT_VERSION = 5.0;
				TARGETED_DEVICE_FAMILY = "1,2";
				TEST_TARGET_NAME = "Game-2048";
			};
			name = Release;
		};
/* End XCBuildConfiguration section */

/* Begin XCConfigurationList section */
		F4CCBAF62BA9F89F007AA07E /* Build configuration list for PBXProject "2048 Game" */ = {
			isa = XCConfigurationList;
			buildConfigurations = (
				F4CCBB1E2BA9F8A1007AA07E /* Debug */,
				F4CCBB1F2BA9F8A1007AA07E /* Release */,
			);
			defaultConfigurationIsVisible = 0;
			defaultConfigurationName = Release;
		};
		F4CCBB202BA9F8A1007AA07E /* Build configuration list for PBXNativeTarget "Game-2048" */ = {
			isa = XCConfigurationList;
			buildConfigurations = (
				F4CCBB212BA9F8A1007AA07E /* Debug */,
				F4CCBB222BA9F8A1007AA07E /* Release */,
			);
			defaultConfigurationIsVisible = 0;
			defaultConfigurationName = Release;
		};
		F4CCBB232BA9F8A1007AA07E /* Build configuration list for PBXNativeTarget "Game-2048Tests" */ = {
			isa = XCConfigurationList;
			buildConfigurations = (
				F4CCBB242BA9F8A1007AA07E /* Debug */,
				F4CCBB252BA9F8A1007AA07E /* Release */,
			);
			defaultConfigurationIsVisible = 0;
			defaultConfigurationName = Release;
		};
		F4CCBB262BA9F8A1007AA07E /* Build configuration list for PBXNativeTarget "Game-2048UITests" */ = {
			isa = XCConfigurationList;
			buildConfigurations = (
				F4CCBB272BA9F8A1007AA07E /* Debug */,
				F4CCBB282BA9F8A1007AA07E /* Release */,
			);
			defaultConfigurationIsVisible = 0;
			defaultConfigurationName = Release;
		};
/* End XCConfigurationList section */
	};
	rootObject = F4CCBAF32BA9F89F007AA07E /* Project object */;
}
